
Microsoft Visual Studio Solution File, Format Version 12.00
# Visual Studio Version 17
VisualStudioVersion = 17.14.36408.4
MinimumVisualStudioVersion = 10.0.40219.1
Project("{2150E333-8FDC-42A3-9474-1A3956D46DE8}") = "src", "src", "{02EA681E-C7D8-13C7-8484-4AC65E1B71E8}"
EndProject
Project("{2150E333-8FDC-42A3-9474-1A3956D46DE8}") = "tests", "tests", "{E18E979A-14B3-43F0-857C-4C38D388EB3B}"
EndProject
Project("{FAE04EC0-301F-11D3-BF4B-00C04F79EFBC}") = "HotelBooking.Presentation", "src\HotelBooking.API\HotelBooking.Presentation.csproj", "{263739B2-888C-4BC9-95EF-D7760ED27A66}"
EndProject
Project("{FAE04EC0-301F-11D3-BF4B-00C04F79EFBC}") = "HotelBooking.Application", "src\HotelBooking.Application\HotelBooking.Application.csproj", "{3C290238-4922-F821-C028-23156687B204}"
EndProject
Project("{FAE04EC0-301F-11D3-BF4B-00C04F79EFBC}") = "HotelBooking.Domain", "src\HotelBooking.Domain\HotelBooking.Domain.csproj", "{A47D832E-CFD4-405A-E8F9-8E255375B833}"
EndProject
Project("{FAE04EC0-301F-11D3-BF4B-00C04F79EFBC}") = "HotelBooking.Infrastructure", "src\HotelBooking.Infrastructure\HotelBooking.Infrastructure.csproj", "{D73E8EA0-3971-D440-674F-C88BFD02E7B2}"
EndProject
Global
	GlobalSection(SolutionConfigurationPlatforms) = preSolution
		Debug|Any CPU = Debug|Any CPU
		Release|Any CPU = Release|Any CPU
	EndGlobalSection
	GlobalSection(ProjectConfigurationPlatforms) = postSolution
		{263739B2-888C-4BC9-95EF-D7760ED27A66}.Debug|Any CPU.ActiveCfg = Debug|Any CPU
		{263739B2-888C-4BC9-95EF-D7760ED27A66}.Debug|Any CPU.Build.0 = Debug|Any CPU
		{263739B2-888C-4BC9-95EF-D7760ED27A66}.Release|Any CPU.ActiveCfg = Release|Any CPU
		{263739B2-888C-4BC9-95EF-D7760ED27A66}.Release|Any CPU.Build.0 = Release|Any CPU
		{3C290238-4922-F821-C028-23156687B204}.Debug|Any CPU.ActiveCfg = Debug|Any CPU
		{3C290238-4922-F821-C028-23156687B204}.Debug|Any CPU.Build.0 = Debug|Any CPU
		{3C290238-4922-F821-C028-23156687B204}.Release|Any CPU.ActiveCfg = Release|Any CPU
		{3C290238-4922-F821-C028-23156687B204}.Release|Any CPU.Build.0 = Release|Any CPU
		{A47D832E-CFD4-405A-E8F9-8E255375B833}.Debug|Any CPU.ActiveCfg = Debug|Any CPU
		{A47D832E-CFD4-405A-E8F9-8E255375B833}.Debug|Any CPU.Build.0 = Debug|Any CPU
		{A47D832E-CFD4-405A-E8F9-8E255375B833}.Release|Any CPU.ActiveCfg = Release|Any CPU
		{A47D832E-CFD4-405A-E8F9-8E255375B833}.Release|Any CPU.Build.0 = Release|Any CPU
		{D73E8EA0-3971-D440-674F-C88BFD02E7B2}.Debug|Any CPU.ActiveCfg = Debug|Any CPU
		{D73E8EA0-3971-D440-674F-C88BFD02E7B2}.Debug|Any CPU.Build.0 = Debug|Any CPU
		{D73E8EA0-3971-D440-674F-C88BFD02E7B2}.Release|Any CPU.ActiveCfg = Release|Any CPU
		{D73E8EA0-3971-D440-674F-C88BFD02E7B2}.Release|Any CPU.Build.0 = Release|Any CPU
	EndGlobalSection
	GlobalSection(SolutionProperties) = preSolution
		HideSolutionNode = FALSE
	EndGlobalSection
	GlobalSection(NestedProjects) = preSolution
		{263739B2-888C-4BC9-95EF-D7760ED27A66} = {02EA681E-C7D8-13C7-8484-4AC65E1B71E8}
		{3C290238-4922-F821-C028-23156687B204} = {02EA681E-C7D8-13C7-8484-4AC65E1B71E8}
		{A47D832E-CFD4-405A-E8F9-8E255375B833} = {02EA681E-C7D8-13C7-8484-4AC65E1B71E8}
		{D73E8EA0-3971-D440-674F-C88BFD02E7B2} = {02EA681E-C7D8-13C7-8484-4AC65E1B71E8}
	EndGlobalSection
	GlobalSection(ExtensibilityGlobals) = postSolution
		SolutionGuid = {CE217220-45C8-4A1E-A30E-6E34732817FC}
	EndGlobalSection
EndGlobal
